{
  "name": "packagemaze-preproduction-graph-proof",
  "version": "1.0.1",
  "lockfileVersion": 3,
  "requires": true,
  "packages": {
    "": {
      "name": "packagemaze-preproduction-graph-proof",
      "version": "1.0.1",
      "dependencies": {
        "packagemaze-graph-proof-direct-000": "1.0.0",
        "packagemaze-graph-proof-direct-001": "1.0.0",
        "packagemaze-graph-proof-direct-002": "1.0.0",
        "packagemaze-graph-proof-direct-003": "1.0.0",
        "packagemaze-graph-proof-direct-004": "1.0.0",
        "packagemaze-graph-proof-direct-005": "1.0.0",
        "packagemaze-graph-proof-direct-006": "1.0.0",
        "packagemaze-graph-proof-direct-007": "1.0.0",
        "packagemaze-graph-proof-direct-008": "1.0.0",
        "packagemaze-graph-proof-direct-009": "1.0.0",
        "packagemaze-graph-proof-direct-010": "1.0.0",
        "packagemaze-graph-proof-direct-011": "1.0.0",
        "packagemaze-graph-proof-direct-012": "1.0.0",
        "packagemaze-graph-proof-direct-013": "1.0.0",
        "packagemaze-graph-proof-direct-014": "1.0.0",
        "packagemaze-graph-proof-direct-015": "1.0.0",
        "packagemaze-graph-proof-direct-016": "1.0.0",
        "packagemaze-graph-proof-direct-017": "1.0.0",
        "packagemaze-graph-proof-direct-018": "1.0.0",
        "packagemaze-graph-proof-direct-019": "1.0.0",
        "packagemaze-graph-proof-direct-020": "1.0.0",
        "packagemaze-graph-proof-direct-021": "1.0.0",
        "packagemaze-graph-proof-direct-022": "1.0.0",
        "packagemaze-graph-proof-direct-023": "1.0.0",
        "packagemaze-graph-proof-direct-024": "1.0.0",
        "packagemaze-graph-proof-direct-025": "1.0.0",
        "packagemaze-graph-proof-direct-026": "1.0.0",
        "packagemaze-graph-proof-direct-027": "1.0.0",
        "packagemaze-graph-proof-direct-028": "1.0.0",
        "packagemaze-graph-proof-direct-029": "1.0.0",
        "packagemaze-graph-proof-direct-030": "1.0.0",
        "packagemaze-graph-proof-direct-031": "1.0.0",
        "packagemaze-graph-proof-direct-032": "1.0.0",
        "packagemaze-graph-proof-direct-033": "1.0.0",
        "packagemaze-graph-proof-direct-034": "1.0.0",
        "packagemaze-graph-proof-direct-035": "1.0.0",
        "packagemaze-graph-proof-direct-036": "1.0.0",
        "packagemaze-graph-proof-direct-037": "1.0.0",
        "packagemaze-graph-proof-direct-038": "1.0.0",
        "packagemaze-graph-proof-direct-039": "1.0.0",
        "packagemaze-graph-proof-direct-040": "1.0.0",
        "packagemaze-graph-proof-direct-041": "1.0.0",
        "packagemaze-graph-proof-direct-042": "1.0.0",
        "packagemaze-graph-proof-direct-043": "1.0.0",
        "packagemaze-graph-proof-direct-044": "1.0.0",
        "packagemaze-graph-proof-direct-045": "1.0.0",
        "packagemaze-graph-proof-direct-046": "1.0.0",
        "packagemaze-graph-proof-direct-047": "1.0.0",
        "packagemaze-graph-proof-direct-048": "1.0.0",
        "packagemaze-graph-proof-direct-049": "1.0.0",
        "packagemaze-graph-proof-direct-050": "1.0.0",
        "packagemaze-graph-proof-direct-051": "1.0.0",
        "packagemaze-graph-proof-direct-052": "1.0.0",
        "packagemaze-graph-proof-direct-053": "1.0.0",
        "packagemaze-graph-proof-direct-054": "1.0.0",
        "packagemaze-graph-proof-direct-055": "1.0.0",
        "packagemaze-graph-proof-direct-056": "1.0.0",
        "packagemaze-graph-proof-direct-057": "1.0.0",
        "packagemaze-graph-proof-direct-058": "1.0.0",
        "packagemaze-graph-proof-direct-059": "1.0.0",
        "packagemaze-graph-proof-direct-060": "1.0.0",
        "packagemaze-graph-proof-direct-061": "1.0.0",
        "packagemaze-graph-proof-direct-062": "1.0.0",
        "packagemaze-graph-proof-direct-063": "1.0.0",
        "packagemaze-graph-proof-direct-064": "1.0.0",
        "packagemaze-graph-proof-direct-065": "1.0.0",
        "packagemaze-graph-proof-direct-066": "1.0.0",
        "packagemaze-graph-proof-direct-067": "1.0.0",
        "packagemaze-graph-proof-direct-068": "1.0.0",
        "packagemaze-graph-proof-direct-069": "1.0.0",
        "packagemaze-graph-proof-direct-070": "1.0.0",
        "packagemaze-graph-proof-direct-071": "1.0.0",
        "packagemaze-graph-proof-direct-072": "1.0.0",
        "packagemaze-graph-proof-direct-073": "1.0.0",
        "packagemaze-graph-proof-direct-074": "1.0.0",
        "packagemaze-graph-proof-direct-075": "1.0.0",
        "packagemaze-graph-proof-direct-076": "1.0.0",
        "packagemaze-graph-proof-direct-077": "1.0.0",
        "packagemaze-graph-proof-direct-078": "1.0.0",
        "packagemaze-graph-proof-direct-079": "1.0.0",
        "packagemaze-graph-proof-direct-080": "1.0.0",
        "packagemaze-graph-proof-direct-081": "1.0.0",
        "packagemaze-graph-proof-direct-082": "1.0.0",
        "packagemaze-graph-proof-direct-083": "1.0.0",
        "packagemaze-graph-proof-direct-084": "1.0.0",
        "packagemaze-graph-proof-direct-085": "1.0.0",
        "packagemaze-graph-proof-direct-086": "1.0.0",
        "packagemaze-graph-proof-direct-087": "1.0.0",
        "packagemaze-graph-proof-direct-088": "1.0.0",
        "packagemaze-graph-proof-direct-089": "1.0.0",
        "packagemaze-graph-proof-direct-090": "1.0.0",
        "packagemaze-graph-proof-direct-091": "1.0.0",
        "packagemaze-graph-proof-direct-092": "1.0.0",
        "packagemaze-graph-proof-direct-093": "1.0.0",
        "packagemaze-graph-proof-direct-094": "1.0.0",
        "packagemaze-graph-proof-direct-095": "1.0.0",
        "packagemaze-graph-proof-direct-096": "1.0.0",
        "packagemaze-graph-proof-direct-097": "1.0.0",
        "packagemaze-graph-proof-direct-098": "1.0.0",
        "packagemaze-graph-proof-direct-099": "1.0.0",
        "packagemaze-graph-proof-direct-100": "1.0.0",
        "packagemaze-graph-proof-direct-101": "1.0.0",
        "packagemaze-graph-proof-direct-102": "1.0.0",
        "packagemaze-graph-proof-direct-103": "1.0.0",
        "packagemaze-graph-proof-direct-104": "1.0.0",
        "packagemaze-graph-proof-direct-105": "1.0.0",
        "packagemaze-graph-proof-direct-106": "1.0.0",
        "packagemaze-graph-proof-direct-107": "1.0.0",
        "packagemaze-graph-proof-direct-108": "1.0.0",
        "packagemaze-graph-proof-direct-109": "1.0.0",
        "packagemaze-graph-proof-direct-110": "1.0.0",
        "packagemaze-graph-proof-direct-111": "1.0.0",
        "packagemaze-graph-proof-direct-112": "1.0.0",
        "packagemaze-graph-proof-direct-113": "1.0.0",
        "packagemaze-graph-proof-direct-114": "1.0.0",
        "packagemaze-graph-proof-direct-115": "1.0.0",
        "packagemaze-graph-proof-direct-116": "1.0.0",
        "packagemaze-graph-proof-direct-117": "1.0.0",
        "packagemaze-graph-proof-direct-118": "1.0.0",
        "packagemaze-graph-proof-direct-119": "1.0.0",
        "packagemaze-graph-proof-direct-120": "1.0.0",
        "packagemaze-graph-proof-direct-121": "1.0.0",
        "packagemaze-graph-proof-direct-122": "1.0.0",
        "packagemaze-graph-proof-direct-123": "1.0.0",
        "packagemaze-graph-proof-direct-124": "1.0.0",
        "packagemaze-graph-proof-direct-125": "1.0.0",
        "packagemaze-graph-proof-direct-126": "1.0.0",
        "packagemaze-graph-proof-direct-127": "1.0.0",
        "packagemaze-graph-proof-direct-128": "1.0.0"
      }
    },
    "node_modules/packagemaze-graph-proof-direct-000": {
      "version": "1.0.0",
      "resolved": "https://registry.npmjs.org/packagemaze-graph-proof-direct-000/-/packagemaze-graph-proof-direct-000-1.0.0.tgz",
      "dependencies": {
        "packagemaze-graph-proof-nested-leaf": "1.0.0"
      }
    },
    "node_modules/packagemaze-graph-proof-direct-001": {
      "version": "1.0.0",
      "resolved": "https://registry.npmjs.org/packagemaze-graph-proof-direct-001/-/packagemaze-graph-proof-direct-001-1.0.0.tgz"
    },
    "node_modules/packagemaze-graph-proof-direct-002": {
      "version": "1.0.0",
      "resolved": "https://registry.npmjs.org/packagemaze-graph-proof-direct-002/-/packagemaze-graph-proof-direct-002-1.0.0.tgz"
    },
    "node_modules/packagemaze-graph-proof-direct-003": {
      "version": "1.0.0",
      "resolved": "https://registry.npmjs.org/packagemaze-graph-proof-direct-003/-/packagemaze-graph-proof-direct-003-1.0.0.tgz"
    },
    "node_modules/packagemaze-graph-proof-direct-004": {
      "version": "1.0.0",
      "resolved": "https://registry.npmjs.org/packagemaze-graph-proof-direct-004/-/packagemaze-graph-proof-direct-004-1.0.0.tgz"
    },
    "node_modules/packagemaze-graph-proof-direct-005": {
      "version": "1.0.0",
      "resolved": "https://registry.npmjs.org/packagemaze-graph-proof-direct-005/-/packagemaze-graph-proof-direct-005-1.0.0.tgz"
    },
    "node_modules/packagemaze-graph-proof-direct-006": {
      "version": "1.0.0",
      "resolved": "https://registry.npmjs.org/packagemaze-graph-proof-direct-006/-/packagemaze-graph-proof-direct-006-1.0.0.tgz"
    },
    "node_modules/packagemaze-graph-proof-direct-007": {
      "version": "1.0.0",
      "resolved": "https://registry.npmjs.org/packagemaze-graph-proof-direct-007/-/packagemaze-graph-proof-direct-007-1.0.0.tgz"
    },
    "node_modules/packagemaze-graph-proof-direct-008": {
      "version": "1.0.0",
      "resolved": "https://registry.npmjs.org/packagemaze-graph-proof-direct-008/-/packagemaze-graph-proof-direct-008-1.0.0.tgz"
    },
    "node_modules/packagemaze-graph-proof-direct-009": {
      "version": "1.0.0",
      "resolved": "https://registry.npmjs.org/packagemaze-graph-proof-direct-009/-/packagemaze-graph-proof-direct-009-1.0.0.tgz"
    },
    "node_modules/packagemaze-graph-proof-direct-010": {
      "version": "1.0.0",
      "resolved": "https://registry.npmjs.org/packagemaze-graph-proof-direct-010/-/packagemaze-graph-proof-direct-010-1.0.0.tgz"
    },
    "node_modules/packagemaze-graph-proof-direct-011": {
      "version": "1.0.0",
      "resolved": "https://registry.npmjs.org/packagemaze-graph-proof-direct-011/-/packagemaze-graph-proof-direct-011-1.0.0.tgz"
    },
    "node_modules/packagemaze-graph-proof-direct-012": {
      "version": "1.0.0",
      "resolved": "https://registry.npmjs.org/packagemaze-graph-proof-direct-012/-/packagemaze-graph-proof-direct-012-1.0.0.tgz"
    },
    "node_modules/packagemaze-graph-proof-direct-013": {
      "version": "1.0.0",
      "resolved": "https://registry.npmjs.org/packagemaze-graph-proof-direct-013/-/packagemaze-graph-proof-direct-013-1.0.0.tgz"
    },
    "node_modules/packagemaze-graph-proof-direct-014": {
      "version": "1.0.0",
      "resolved": "https://registry.npmjs.org/packagemaze-graph-proof-direct-014/-/packagemaze-graph-proof-direct-014-1.0.0.tgz"
    },
    "node_modules/packagemaze-graph-proof-direct-015": {
      "version": "1.0.0",
      "resolved": "https://registry.npmjs.org/packagemaze-graph-proof-direct-015/-/packagemaze-graph-proof-direct-015-1.0.0.tgz"
    },
    "node_modules/packagemaze-graph-proof-direct-016": {
      "version": "1.0.0",
      "resolved": "https://registry.npmjs.org/packagemaze-graph-proof-direct-016/-/packagemaze-graph-proof-direct-016-1.0.0.tgz"
    },
    "node_modules/packagemaze-graph-proof-direct-017": {
      "version": "1.0.0",
      "resolved": "https://registry.npmjs.org/packagemaze-graph-proof-direct-017/-/packagemaze-graph-proof-direct-017-1.0.0.tgz"
    },
    "node_modules/packagemaze-graph-proof-direct-018": {
      "version": "1.0.0",
      "resolved": "https://registry.npmjs.org/packagemaze-graph-proof-direct-018/-/packagemaze-graph-proof-direct-018-1.0.0.tgz"
    },
    "node_modules/packagemaze-graph-proof-direct-019": {
      "version": "1.0.0",
      "resolved": "https://registry.npmjs.org/packagemaze-graph-proof-direct-019/-/packagemaze-graph-proof-direct-019-1.0.0.tgz"
    },
    "node_modules/packagemaze-graph-proof-direct-020": {
      "version": "1.0.0",
      "resolved": "https://registry.npmjs.org/packagemaze-graph-proof-direct-020/-/packagemaze-graph-proof-direct-020-1.0.0.tgz"
    },
    "node_modules/packagemaze-graph-proof-direct-021": {
      "version": "1.0.0",
      "resolved": "https://registry.npmjs.org/packagemaze-graph-proof-direct-021/-/packagemaze-graph-proof-direct-021-1.0.0.tgz"
    },
    "node_modules/packagemaze-graph-proof-direct-022": {
      "version": "1.0.0",
      "resolved": "https://registry.npmjs.org/packagemaze-graph-proof-direct-022/-/packagemaze-graph-proof-direct-022-1.0.0.tgz"
    },
    "node_modules/packagemaze-graph-proof-direct-023": {
      "version": "1.0.0",
      "resolved": "https://registry.npmjs.org/packagemaze-graph-proof-direct-023/-/packagemaze-graph-proof-direct-023-1.0.0.tgz"
    },
    "node_modules/packagemaze-graph-proof-direct-024": {
      "version": "1.0.0",
      "resolved": "https://registry.npmjs.org/packagemaze-graph-proof-direct-024/-/packagemaze-graph-proof-direct-024-1.0.0.tgz"
    },
    "node_modules/packagemaze-graph-proof-direct-025": {
      "version": "1.0.0",
      "resolved": "https://registry.npmjs.org/packagemaze-graph-proof-direct-025/-/packagemaze-graph-proof-direct-025-1.0.0.tgz"
    },
    "node_modules/packagemaze-graph-proof-direct-026": {
      "version": "1.0.0",
      "resolved": "https://registry.npmjs.org/packagemaze-graph-proof-direct-026/-/packagemaze-graph-proof-direct-026-1.0.0.tgz"
    },
    "node_modules/packagemaze-graph-proof-direct-027": {
      "version": "1.0.0",
      "resolved": "https://registry.npmjs.org/packagemaze-graph-proof-direct-027/-/packagemaze-graph-proof-direct-027-1.0.0.tgz"
    },
    "node_modules/packagemaze-graph-proof-direct-028": {
      "version": "1.0.0",
      "resolved": "https://registry.npmjs.org/packagemaze-graph-proof-direct-028/-/packagemaze-graph-proof-direct-028-1.0.0.tgz"
    },
    "node_modules/packagemaze-graph-proof-direct-029": {
      "version": "1.0.0",
      "resolved": "https://registry.npmjs.org/packagemaze-graph-proof-direct-029/-/packagemaze-graph-proof-direct-029-1.0.0.tgz"
    },
    "node_modules/packagemaze-graph-proof-direct-030": {
      "version": "1.0.0",
      "resolved": "https://registry.npmjs.org/packagemaze-graph-proof-direct-030/-/packagemaze-graph-proof-direct-030-1.0.0.tgz"
    },
    "node_modules/packagemaze-graph-proof-direct-031": {
      "version": "1.0.0",
      "resolved": "https://registry.npmjs.org/packagemaze-graph-proof-direct-031/-/packagemaze-graph-proof-direct-031-1.0.0.tgz"
    },
    "node_modules/packagemaze-graph-proof-direct-032": {
      "version": "1.0.0",
      "resolved": "https://registry.npmjs.org/packagemaze-graph-proof-direct-032/-/packagemaze-graph-proof-direct-032-1.0.0.tgz"
    },
    "node_modules/packagemaze-graph-proof-direct-033": {
      "version": "1.0.0",
      "resolved": "https://registry.npmjs.org/packagemaze-graph-proof-direct-033/-/packagemaze-graph-proof-direct-033-1.0.0.tgz"
    },
    "node_modules/packagemaze-graph-proof-direct-034": {
      "version": "1.0.0",
      "resolved": "https://registry.npmjs.org/packagemaze-graph-proof-direct-034/-/packagemaze-graph-proof-direct-034-1.0.0.tgz"
    },
    "node_modules/packagemaze-graph-proof-direct-035": {
      "version": "1.0.0",
      "resolved": "https://registry.npmjs.org/packagemaze-graph-proof-direct-035/-/packagemaze-graph-proof-direct-035-1.0.0.tgz"
    },
    "node_modules/packagemaze-graph-proof-direct-036": {
      "version": "1.0.0",
      "resolved": "https://registry.npmjs.org/packagemaze-graph-proof-direct-036/-/packagemaze-graph-proof-direct-036-1.0.0.tgz"
    },
    "node_modules/packagemaze-graph-proof-direct-037": {
      "version": "1.0.0",
      "resolved": "https://registry.npmjs.org/packagemaze-graph-proof-direct-037/-/packagemaze-graph-proof-direct-037-1.0.0.tgz"
    },
    "node_modules/packagemaze-graph-proof-direct-038": {
      "version": "1.0.0",
      "resolved": "https://registry.npmjs.org/packagemaze-graph-proof-direct-038/-/packagemaze-graph-proof-direct-038-1.0.0.tgz"
    },
    "node_modules/packagemaze-graph-proof-direct-039": {
      "version": "1.0.0",
      "resolved": "https://registry.npmjs.org/packagemaze-graph-proof-direct-039/-/packagemaze-graph-proof-direct-039-1.0.0.tgz"
    },
    "node_modules/packagemaze-graph-proof-direct-040": {
      "version": "1.0.0",
      "resolved": "https://registry.npmjs.org/packagemaze-graph-proof-direct-040/-/packagemaze-graph-proof-direct-040-1.0.0.tgz"
    },
    "node_modules/packagemaze-graph-proof-direct-041": {
      "version": "1.0.0",
      "resolved": "https://registry.npmjs.org/packagemaze-graph-proof-direct-041/-/packagemaze-graph-proof-direct-041-1.0.0.tgz"
    },
    "node_modules/packagemaze-graph-proof-direct-042": {
      "version": "1.0.0",
      "resolved": "https://registry.npmjs.org/packagemaze-graph-proof-direct-042/-/packagemaze-graph-proof-direct-042-1.0.0.tgz"
    },
    "node_modules/packagemaze-graph-proof-direct-043": {
      "version": "1.0.0",
      "resolved": "https://registry.npmjs.org/packagemaze-graph-proof-direct-043/-/packagemaze-graph-proof-direct-043-1.0.0.tgz"
    },
    "node_modules/packagemaze-graph-proof-direct-044": {
      "version": "1.0.0",
      "resolved": "https://registry.npmjs.org/packagemaze-graph-proof-direct-044/-/packagemaze-graph-proof-direct-044-1.0.0.tgz"
    },
    "node_modules/packagemaze-graph-proof-direct-045": {
      "version": "1.0.0",
      "resolved": "https://registry.npmjs.org/packagemaze-graph-proof-direct-045/-/packagemaze-graph-proof-direct-045-1.0.0.tgz"
    },
    "node_modules/packagemaze-graph-proof-direct-046": {
      "version": "1.0.0",
      "resolved": "https://registry.npmjs.org/packagemaze-graph-proof-direct-046/-/packagemaze-graph-proof-direct-046-1.0.0.tgz"
    },
    "node_modules/packagemaze-graph-proof-direct-047": {
      "version": "1.0.0",
      "resolved": "https://registry.npmjs.org/packagemaze-graph-proof-direct-047/-/packagemaze-graph-proof-direct-047-1.0.0.tgz"
    },
    "node_modules/packagemaze-graph-proof-direct-048": {
      "version": "1.0.0",
      "resolved": "https://registry.npmjs.org/packagemaze-graph-proof-direct-048/-/packagemaze-graph-proof-direct-048-1.0.0.tgz"
    },
    "node_modules/packagemaze-graph-proof-direct-049": {
      "version": "1.0.0",
      "resolved": "https://registry.npmjs.org/packagemaze-graph-proof-direct-049/-/packagemaze-graph-proof-direct-049-1.0.0.tgz"
    },
    "node_modules/packagemaze-graph-proof-direct-050": {
      "version": "1.0.0",
      "resolved": "https://registry.npmjs.org/packagemaze-graph-proof-direct-050/-/packagemaze-graph-proof-direct-050-1.0.0.tgz"
    },
    "node_modules/packagemaze-graph-proof-direct-051": {
      "version": "1.0.0",
      "resolved": "https://registry.npmjs.org/packagemaze-graph-proof-direct-051/-/packagemaze-graph-proof-direct-051-1.0.0.tgz"
    },
    "node_modules/packagemaze-graph-proof-direct-052": {
      "version": "1.0.0",
      "resolved": "https://registry.npmjs.org/packagemaze-graph-proof-direct-052/-/packagemaze-graph-proof-direct-052-1.0.0.tgz"
    },
    "node_modules/packagemaze-graph-proof-direct-053": {
      "version": "1.0.0",
      "resolved": "https://registry.npmjs.org/packagemaze-graph-proof-direct-053/-/packagemaze-graph-proof-direct-053-1.0.0.tgz"
    },
    "node_modules/packagemaze-graph-proof-direct-054": {
      "version": "1.0.0",
      "resolved": "https://registry.npmjs.org/packagemaze-graph-proof-direct-054/-/packagemaze-graph-proof-direct-054-1.0.0.tgz"
    },
    "node_modules/packagemaze-graph-proof-direct-055": {
      "version": "1.0.0",
      "resolved": "https://registry.npmjs.org/packagemaze-graph-proof-direct-055/-/packagemaze-graph-proof-direct-055-1.0.0.tgz"
    },
    "node_modules/packagemaze-graph-proof-direct-056": {
      "version": "1.0.0",
      "resolved": "https://registry.npmjs.org/packagemaze-graph-proof-direct-056/-/packagemaze-graph-proof-direct-056-1.0.0.tgz"
    },
    "node_modules/packagemaze-graph-proof-direct-057": {
      "version": "1.0.0",
      "resolved": "https://registry.npmjs.org/packagemaze-graph-proof-direct-057/-/packagemaze-graph-proof-direct-057-1.0.0.tgz"
    },
    "node_modules/packagemaze-graph-proof-direct-058": {
      "version": "1.0.0",
      "resolved": "https://registry.npmjs.org/packagemaze-graph-proof-direct-058/-/packagemaze-graph-proof-direct-058-1.0.0.tgz"
    },
    "node_modules/packagemaze-graph-proof-direct-059": {
      "version": "1.0.0",
      "resolved": "https://registry.npmjs.org/packagemaze-graph-proof-direct-059/-/packagemaze-graph-proof-direct-059-1.0.0.tgz"
    },
    "node_modules/packagemaze-graph-proof-direct-060": {
      "version": "1.0.0",
      "resolved": "https://registry.npmjs.org/packagemaze-graph-proof-direct-060/-/packagemaze-graph-proof-direct-060-1.0.0.tgz"
    },
    "node_modules/packagemaze-graph-proof-direct-061": {
      "version": "1.0.0",
      "resolved": "https://registry.npmjs.org/packagemaze-graph-proof-direct-061/-/packagemaze-graph-proof-direct-061-1.0.0.tgz"
    },
    "node_modules/packagemaze-graph-proof-direct-062": {
      "version": "1.0.0",
      "resolved": "https://registry.npmjs.org/packagemaze-graph-proof-direct-062/-/packagemaze-graph-proof-direct-062-1.0.0.tgz"
    },
    "node_modules/packagemaze-graph-proof-direct-063": {
      "version": "1.0.0",
      "resolved": "https://registry.npmjs.org/packagemaze-graph-proof-direct-063/-/packagemaze-graph-proof-direct-063-1.0.0.tgz"
    },
    "node_modules/packagemaze-graph-proof-direct-064": {
      "version": "1.0.0",
      "resolved": "https://registry.npmjs.org/packagemaze-graph-proof-direct-064/-/packagemaze-graph-proof-direct-064-1.0.0.tgz"
    },
    "node_modules/packagemaze-graph-proof-direct-065": {
      "version": "1.0.0",
      "resolved": "https://registry.npmjs.org/packagemaze-graph-proof-direct-065/-/packagemaze-graph-proof-direct-065-1.0.0.tgz"
    },
    "node_modules/packagemaze-graph-proof-direct-066": {
      "version": "1.0.0",
      "resolved": "https://registry.npmjs.org/packagemaze-graph-proof-direct-066/-/packagemaze-graph-proof-direct-066-1.0.0.tgz"
    },
    "node_modules/packagemaze-graph-proof-direct-067": {
      "version": "1.0.0",
      "resolved": "https://registry.npmjs.org/packagemaze-graph-proof-direct-067/-/packagemaze-graph-proof-direct-067-1.0.0.tgz"
    },
    "node_modules/packagemaze-graph-proof-direct-068": {
      "version": "1.0.0",
      "resolved": "https://registry.npmjs.org/packagemaze-graph-proof-direct-068/-/packagemaze-graph-proof-direct-068-1.0.0.tgz"
    },
    "node_modules/packagemaze-graph-proof-direct-069": {
      "version": "1.0.0",
      "resolved": "https://registry.npmjs.org/packagemaze-graph-proof-direct-069/-/packagemaze-graph-proof-direct-069-1.0.0.tgz"
    },
    "node_modules/packagemaze-graph-proof-direct-070": {
      "version": "1.0.0",
      "resolved": "https://registry.npmjs.org/packagemaze-graph-proof-direct-070/-/packagemaze-graph-proof-direct-070-1.0.0.tgz"
    },
    "node_modules/packagemaze-graph-proof-direct-071": {
      "version": "1.0.0",
      "resolved": "https://registry.npmjs.org/packagemaze-graph-proof-direct-071/-/packagemaze-graph-proof-direct-071-1.0.0.tgz"
    },
    "node_modules/packagemaze-graph-proof-direct-072": {
      "version": "1.0.0",
      "resolved": "https://registry.npmjs.org/packagemaze-graph-proof-direct-072/-/packagemaze-graph-proof-direct-072-1.0.0.tgz"
    },
    "node_modules/packagemaze-graph-proof-direct-073": {
      "version": "1.0.0",
      "resolved": "https://registry.npmjs.org/packagemaze-graph-proof-direct-073/-/packagemaze-graph-proof-direct-073-1.0.0.tgz"
    },
    "node_modules/packagemaze-graph-proof-direct-074": {
      "version": "1.0.0",
      "resolved": "https://registry.npmjs.org/packagemaze-graph-proof-direct-074/-/packagemaze-graph-proof-direct-074-1.0.0.tgz"
    },
    "node_modules/packagemaze-graph-proof-direct-075": {
      "version": "1.0.0",
      "resolved": "https://registry.npmjs.org/packagemaze-graph-proof-direct-075/-/packagemaze-graph-proof-direct-075-1.0.0.tgz"
    },
    "node_modules/packagemaze-graph-proof-direct-076": {
      "version": "1.0.0",
      "resolved": "https://registry.npmjs.org/packagemaze-graph-proof-direct-076/-/packagemaze-graph-proof-direct-076-1.0.0.tgz"
    },
    "node_modules/packagemaze-graph-proof-direct-077": {
      "version": "1.0.0",
      "resolved": "https://registry.npmjs.org/packagemaze-graph-proof-direct-077/-/packagemaze-graph-proof-direct-077-1.0.0.tgz"
    },
    "node_modules/packagemaze-graph-proof-direct-078": {
      "version": "1.0.0",
      "resolved": "https://registry.npmjs.org/packagemaze-graph-proof-direct-078/-/packagemaze-graph-proof-direct-078-1.0.0.tgz"
    },
    "node_modules/packagemaze-graph-proof-direct-079": {
      "version": "1.0.0",
      "resolved": "https://registry.npmjs.org/packagemaze-graph-proof-direct-079/-/packagemaze-graph-proof-direct-079-1.0.0.tgz"
    },
    "node_modules/packagemaze-graph-proof-direct-080": {
      "version": "1.0.0",
      "resolved": "https://registry.npmjs.org/packagemaze-graph-proof-direct-080/-/packagemaze-graph-proof-direct-080-1.0.0.tgz"
    },
    "node_modules/packagemaze-graph-proof-direct-081": {
      "version": "1.0.0",
      "resolved": "https://registry.npmjs.org/packagemaze-graph-proof-direct-081/-/packagemaze-graph-proof-direct-081-1.0.0.tgz"
    },
    "node_modules/packagemaze-graph-proof-direct-082": {
      "version": "1.0.0",
      "resolved": "https://registry.npmjs.org/packagemaze-graph-proof-direct-082/-/packagemaze-graph-proof-direct-082-1.0.0.tgz"
    },
    "node_modules/packagemaze-graph-proof-direct-083": {
      "version": "1.0.0",
      "resolved": "https://registry.npmjs.org/packagemaze-graph-proof-direct-083/-/packagemaze-graph-proof-direct-083-1.0.0.tgz"
    },
    "node_modules/packagemaze-graph-proof-direct-084": {
      "version": "1.0.0",
      "resolved": "https://registry.npmjs.org/packagemaze-graph-proof-direct-084/-/packagemaze-graph-proof-direct-084-1.0.0.tgz"
    },
    "node_modules/packagemaze-graph-proof-direct-085": {
      "version": "1.0.0",
      "resolved": "https://registry.npmjs.org/packagemaze-graph-proof-direct-085/-/packagemaze-graph-proof-direct-085-1.0.0.tgz"
    },
    "node_modules/packagemaze-graph-proof-direct-086": {
      "version": "1.0.0",
      "resolved": "https://registry.npmjs.org/packagemaze-graph-proof-direct-086/-/packagemaze-graph-proof-direct-086-1.0.0.tgz"
    },
    "node_modules/packagemaze-graph-proof-direct-087": {
      "version": "1.0.0",
      "resolved": "https://registry.npmjs.org/packagemaze-graph-proof-direct-087/-/packagemaze-graph-proof-direct-087-1.0.0.tgz"
    },
    "node_modules/packagemaze-graph-proof-direct-088": {
      "version": "1.0.0",
      "resolved": "https://registry.npmjs.org/packagemaze-graph-proof-direct-088/-/packagemaze-graph-proof-direct-088-1.0.0.tgz"
    },
    "node_modules/packagemaze-graph-proof-direct-089": {
      "version": "1.0.0",
      "resolved": "https://registry.npmjs.org/packagemaze-graph-proof-direct-089/-/packagemaze-graph-proof-direct-089-1.0.0.tgz"
    },
    "node_modules/packagemaze-graph-proof-direct-090": {
      "version": "1.0.0",
      "resolved": "https://registry.npmjs.org/packagemaze-graph-proof-direct-090/-/packagemaze-graph-proof-direct-090-1.0.0.tgz"
    },
    "node_modules/packagemaze-graph-proof-direct-091": {
      "version": "1.0.0",
      "resolved": "https://registry.npmjs.org/packagemaze-graph-proof-direct-091/-/packagemaze-graph-proof-direct-091-1.0.0.tgz"
    },
    "node_modules/packagemaze-graph-proof-direct-092": {
      "version": "1.0.0",
      "resolved": "https://registry.npmjs.org/packagemaze-graph-proof-direct-092/-/packagemaze-graph-proof-direct-092-1.0.0.tgz"
    },
    "node_modules/packagemaze-graph-proof-direct-093": {
      "version": "1.0.0",
      "resolved": "https://registry.npmjs.org/packagemaze-graph-proof-direct-093/-/packagemaze-graph-proof-direct-093-1.0.0.tgz"
    },
    "node_modules/packagemaze-graph-proof-direct-094": {
      "version": "1.0.0",
      "resolved": "https://registry.npmjs.org/packagemaze-graph-proof-direct-094/-/packagemaze-graph-proof-direct-094-1.0.0.tgz"
    },
    "node_modules/packagemaze-graph-proof-direct-095": {
      "version": "1.0.0",
      "resolved": "https://registry.npmjs.org/packagemaze-graph-proof-direct-095/-/packagemaze-graph-proof-direct-095-1.0.0.tgz"
    },
    "node_modules/packagemaze-graph-proof-direct-096": {
      "version": "1.0.0",
      "resolved": "https://registry.npmjs.org/packagemaze-graph-proof-direct-096/-/packagemaze-graph-proof-direct-096-1.0.0.tgz"
    },
    "node_modules/packagemaze-graph-proof-direct-097": {
      "version": "1.0.0",
      "resolved": "https://registry.npmjs.org/packagemaze-graph-proof-direct-097/-/packagemaze-graph-proof-direct-097-1.0.0.tgz"
    },
    "node_modules/packagemaze-graph-proof-direct-098": {
      "version": "1.0.0",
      "resolved": "https://registry.npmjs.org/packagemaze-graph-proof-direct-098/-/packagemaze-graph-proof-direct-098-1.0.0.tgz"
    },
    "node_modules/packagemaze-graph-proof-direct-099": {
      "version": "1.0.0",
      "resolved": "https://registry.npmjs.org/packagemaze-graph-proof-direct-099/-/packagemaze-graph-proof-direct-099-1.0.0.tgz"
    },
    "node_modules/packagemaze-graph-proof-direct-100": {
      "version": "1.0.0",
      "resolved": "https://registry.npmjs.org/packagemaze-graph-proof-direct-100/-/packagemaze-graph-proof-direct-100-1.0.0.tgz"
    },
    "node_modules/packagemaze-graph-proof-direct-101": {
      "version": "1.0.0",
      "resolved": "https://registry.npmjs.org/packagemaze-graph-proof-direct-101/-/packagemaze-graph-proof-direct-101-1.0.0.tgz"
    },
    "node_modules/packagemaze-graph-proof-direct-102": {
      "version": "1.0.0",
      "resolved": "https://registry.npmjs.org/packagemaze-graph-proof-direct-102/-/packagemaze-graph-proof-direct-102-1.0.0.tgz"
    },
    "node_modules/packagemaze-graph-proof-direct-103": {
      "version": "1.0.0",
      "resolved": "https://registry.npmjs.org/packagemaze-graph-proof-direct-103/-/packagemaze-graph-proof-direct-103-1.0.0.tgz"
    },
    "node_modules/packagemaze-graph-proof-direct-104": {
      "version": "1.0.0",
      "resolved": "https://registry.npmjs.org/packagemaze-graph-proof-direct-104/-/packagemaze-graph-proof-direct-104-1.0.0.tgz"
    },
    "node_modules/packagemaze-graph-proof-direct-105": {
      "version": "1.0.0",
      "resolved": "https://registry.npmjs.org/packagemaze-graph-proof-direct-105/-/packagemaze-graph-proof-direct-105-1.0.0.tgz"
    },
    "node_modules/packagemaze-graph-proof-direct-106": {
      "version": "1.0.0",
      "resolved": "https://registry.npmjs.org/packagemaze-graph-proof-direct-106/-/packagemaze-graph-proof-direct-106-1.0.0.tgz"
    },
    "node_modules/packagemaze-graph-proof-direct-107": {
      "version": "1.0.0",
      "resolved": "https://registry.npmjs.org/packagemaze-graph-proof-direct-107/-/packagemaze-graph-proof-direct-107-1.0.0.tgz"
    },
    "node_modules/packagemaze-graph-proof-direct-108": {
      "version": "1.0.0",
      "resolved": "https://registry.npmjs.org/packagemaze-graph-proof-direct-108/-/packagemaze-graph-proof-direct-108-1.0.0.tgz"
    },
    "node_modules/packagemaze-graph-proof-direct-109": {
      "version": "1.0.0",
      "resolved": "https://registry.npmjs.org/packagemaze-graph-proof-direct-109/-/packagemaze-graph-proof-direct-109-1.0.0.tgz"
    },
    "node_modules/packagemaze-graph-proof-direct-110": {
      "version": "1.0.0",
      "resolved": "https://registry.npmjs.org/packagemaze-graph-proof-direct-110/-/packagemaze-graph-proof-direct-110-1.0.0.tgz"
    },
    "node_modules/packagemaze-graph-proof-direct-111": {
      "version": "1.0.0",
      "resolved": "https://registry.npmjs.org/packagemaze-graph-proof-direct-111/-/packagemaze-graph-proof-direct-111-1.0.0.tgz"
    },
    "node_modules/packagemaze-graph-proof-direct-112": {
      "version": "1.0.0",
      "resolved": "https://registry.npmjs.org/packagemaze-graph-proof-direct-112/-/packagemaze-graph-proof-direct-112-1.0.0.tgz"
    },
    "node_modules/packagemaze-graph-proof-direct-113": {
      "version": "1.0.0",
      "resolved": "https://registry.npmjs.org/packagemaze-graph-proof-direct-113/-/packagemaze-graph-proof-direct-113-1.0.0.tgz"
    },
    "node_modules/packagemaze-graph-proof-direct-114": {
      "version": "1.0.0",
      "resolved": "https://registry.npmjs.org/packagemaze-graph-proof-direct-114/-/packagemaze-graph-proof-direct-114-1.0.0.tgz"
    },
    "node_modules/packagemaze-graph-proof-direct-115": {
      "version": "1.0.0",
      "resolved": "https://registry.npmjs.org/packagemaze-graph-proof-direct-115/-/packagemaze-graph-proof-direct-115-1.0.0.tgz"
    },
    "node_modules/packagemaze-graph-proof-direct-116": {
      "version": "1.0.0",
      "resolved": "https://registry.npmjs.org/packagemaze-graph-proof-direct-116/-/packagemaze-graph-proof-direct-116-1.0.0.tgz"
    },
    "node_modules/packagemaze-graph-proof-direct-117": {
      "version": "1.0.0",
      "resolved": "https://registry.npmjs.org/packagemaze-graph-proof-direct-117/-/packagemaze-graph-proof-direct-117-1.0.0.tgz"
    },
    "node_modules/packagemaze-graph-proof-direct-118": {
      "version": "1.0.0",
      "resolved": "https://registry.npmjs.org/packagemaze-graph-proof-direct-118/-/packagemaze-graph-proof-direct-118-1.0.0.tgz"
    },
    "node_modules/packagemaze-graph-proof-direct-119": {
      "version": "1.0.0",
      "resolved": "https://registry.npmjs.org/packagemaze-graph-proof-direct-119/-/packagemaze-graph-proof-direct-119-1.0.0.tgz"
    },
    "node_modules/packagemaze-graph-proof-direct-120": {
      "version": "1.0.0",
      "resolved": "https://registry.npmjs.org/packagemaze-graph-proof-direct-120/-/packagemaze-graph-proof-direct-120-1.0.0.tgz"
    },
    "node_modules/packagemaze-graph-proof-direct-121": {
      "version": "1.0.0",
      "resolved": "https://registry.npmjs.org/packagemaze-graph-proof-direct-121/-/packagemaze-graph-proof-direct-121-1.0.0.tgz"
    },
    "node_modules/packagemaze-graph-proof-direct-122": {
      "version": "1.0.0",
      "resolved": "https://registry.npmjs.org/packagemaze-graph-proof-direct-122/-/packagemaze-graph-proof-direct-122-1.0.0.tgz"
    },
    "node_modules/packagemaze-graph-proof-direct-123": {
      "version": "1.0.0",
      "resolved": "https://registry.npmjs.org/packagemaze-graph-proof-direct-123/-/packagemaze-graph-proof-direct-123-1.0.0.tgz"
    },
    "node_modules/packagemaze-graph-proof-direct-124": {
      "version": "1.0.0",
      "resolved": "https://registry.npmjs.org/packagemaze-graph-proof-direct-124/-/packagemaze-graph-proof-direct-124-1.0.0.tgz"
    },
    "node_modules/packagemaze-graph-proof-direct-125": {
      "version": "1.0.0",
      "resolved": "https://registry.npmjs.org/packagemaze-graph-proof-direct-125/-/packagemaze-graph-proof-direct-125-1.0.0.tgz"
    },
    "node_modules/packagemaze-graph-proof-direct-126": {
      "version": "1.0.0",
      "resolved": "https://registry.npmjs.org/packagemaze-graph-proof-direct-126/-/packagemaze-graph-proof-direct-126-1.0.0.tgz"
    },
    "node_modules/packagemaze-graph-proof-direct-127": {
      "version": "1.0.0",
      "resolved": "https://registry.npmjs.org/packagemaze-graph-proof-direct-127/-/packagemaze-graph-proof-direct-127-1.0.0.tgz"
    },
    "node_modules/packagemaze-graph-proof-direct-128": {
      "version": "1.0.0",
      "resolved": "https://registry.npmjs.org/packagemaze-graph-proof-direct-128/-/packagemaze-graph-proof-direct-128-1.0.0.tgz"
    },
    "node_modules/packagemaze-graph-proof-nested-leaf": {
      "version": "1.0.0",
      "resolved": "https://registry.npmjs.org/packagemaze-graph-proof-nested-leaf/-/packagemaze-graph-proof-nested-leaf-1.0.0.tgz"
    }
  }
}
